
Microsoft Visual Studio Solution File, Format Version 12.00
# Visual Studio Version 16
VisualStudioVersion = 16.0.31829.152
MinimumVisualStudioVersion = 10.0.40219.1
Project("{FAE04EC0-301F-11D3-BF4B-00C04F79EFBC}") = "cs-tools", "cs-tools\cs-tools.csproj", "{027B498E-4B35-469E-ADF5-8C577BB56094}"
EndProject
Global
	GlobalSection(SolutionConfigurationPlatforms) = preSolution
		Debug|Any CPU = Debug|Any CPU
		Release|Any CPU = Release|Any CPU
	EndGlobalSection
	GlobalSection(ProjectConfigurationPlatforms) = postSolution
		{027B498E-4B35-469E-ADF5-8C577BB56094}.Debug|Any CPU.ActiveCfg = Debug|Any CPU
		{027B498E-4B35-469E-ADF5-8C577BB56094}.Debug|Any CPU.Build.0 = Debug|Any CPU
		{027B498E-4B35-469E-ADF5-8C577BB56094}.Release|Any CPU.ActiveCfg = Release|Any CPU
		{027B498E-4B35-469E-ADF5-8C577BB56094}.Release|Any CPU.Build.0 = Release|Any CPU
	EndGlobalSection
	GlobalSection(SolutionProperties) = preSolution
		HideSolutionNode = FALSE
	EndGlobalSection
	GlobalSection(ExtensibilityGlobals) = postSolution
		SolutionGuid = {60D61196-4A1F-4D17-8110-D41C018EF6CD}
	EndGlobalSection
EndGlobal
